{
  "version": 4,
  "terraform_version": "1.11.2",
  "serial": 29,
  "lineage": "67a7ce36-0896-8ce7-bddc-2d1c22a91205",
  "outputs": {},
  "resources": [
    {
      "module": "module.hub",
      "mode": "managed",
      "type": "azurerm_firewall",
      "name": "hub",
      "provider": "provider[\"registry.terraform.io/hashicorp/azurerm\"]",
      "instances": [
        {
          "schema_version": 0,
          "attributes": {
            "dns_proxy_enabled": false,
            "dns_servers": null,
            "firewall_policy_id": "",
            "id": "/subscriptions/e55fd568-f62a-47d7-8fc5-1c3b6818f869/resourceGroups/rg_hub/providers/Microsoft.Network/azureFirewalls/hub-fw",
            "ip_configuration": [
              {
                "name": "configuration",
                "private_ip_address": "10.0.0.4",
                "public_ip_address_id": "/subscriptions/e55fd568-f62a-47d7-8fc5-1c3b6818f869/resourceGroups/rg_hub/providers/Microsoft.Network/publicIPAddresses/hub-fw-pip",
                "subnet_id": "/subscriptions/e55fd568-f62a-47d7-8fc5-1c3b6818f869/resourceGroups/rg_hub/providers/Microsoft.Network/virtualNetworks/hub-vnet/subnets/AzureFirewallSubnet"
              }
            ],
            "location": "westeurope",
            "management_ip_configuration": [
              {
                "name": "management",
                "private_ip_address": "",
                "public_ip_address_id": "/subscriptions/e55fd568-f62a-47d7-8fc5-1c3b6818f869/resourceGroups/rg_hub/providers/Microsoft.Network/publicIPAddresses/hub-fw-mgmt-pip",
                "subnet_id": "/subscriptions/e55fd568-f62a-47d7-8fc5-1c3b6818f869/resourceGroups/rg_hub/providers/Microsoft.Network/virtualNetworks/hub-vnet/subnets/AzureFirewallManagementSubnet"
              }
            ],
            "name": "hub-fw",
            "private_ip_ranges": null,
            "resource_group_name": "rg_hub",
            "sku_name": "AZFW_VNet",
            "sku_tier": "Basic",
            "tags": null,
            "threat_intel_mode": "Alert",
            "timeouts": null,
            "virtual_hub": [],
            "zones": null
          },
          "sensitive_attributes": [],
          "private": "eyJlMmJmYjczMC1lY2FhLTExZTYtOGY4OC0zNDM2M2JjN2M0YzAiOnsiY3JlYXRlIjo1NDAwMDAwMDAwMDAwLCJkZWxldGUiOjU0MDAwMDAwMDAwMDAsInJlYWQiOjMwMDAwMDAwMDAwMCwidXBkYXRlIjo1NDAwMDAwMDAwMDAwfX0=",
          "dependencies": [
            "module.hub.azurerm_public_ip.fw_ip",
            "module.hub.azurerm_public_ip.fw_mgmt_ip",
            "module.hub.azurerm_resource_group.hub",
            "module.hub.azurerm_subnet.azure_firewall",
            "module.hub.azurerm_subnet.azure_firewall_mgmt",
            "module.hub.azurerm_virtual_network.hub"
          ]
        }
      ]
    },
    {
      "module": "module.hub",
      "mode": "managed",
      "type": "azurerm_linux_virtual_machine",
      "name": "jumpbox",
      "provider": "provider[\"registry.terraform.io/hashicorp/azurerm\"]",
      "instances": [
        {
          "schema_version": 0,
          "attributes": {
            "additional_capabilities": [],
            "admin_password": null,
            "admin_ssh_key": [
              {
                "public_key": "ssh-rsa AAAAB3NzaC1yc2EAAAADAQABAAACAQDddhFjV4spWWzMMUQslwByygIyHwS8hLvDB3u5Hw4qRx6G1QvlDf/8F9Xnhia44LFxZd9+tAirjp8CmxAuHsVcAKGPLHzt+x/c8IcHgK+uJzOMKMVPmyG3JjJ2829zQZVUnSPIJfUVekTjvBKH6ljs3s0RKsnBNeKEupDyTn4JK12TKt9SYXbYI7PhBMCLUlog1m6c6IS8Oc7+TieQa/I30RhR8Mo0LTDnCeQqFjLCE/bfaniZIQvRaM5vJw9fPEGaYwtoariEj5PdbJPd2lxGlEvcwXUZ8htFwjI0Bzj0UU6fg5qZ5qJYxD8RVPEFsfOnKmQF1PQR2F9ptBJPrO3ijg84DWZ6y5gw7r5W7B/mpJ6JnDIpgXpfkovyddDSui9rjut5xgDMTEm4v4r0ZnLqH5F+In3DkgPGqR9It5yyne6DzD1Ke0e6pnp9Zv9jG1IiUUOkMVohKw1Q9qp1gdSeJ5RambPumqbdMCaZxHudy7uA+ogtlNGUVbFG+FA6Rw5enQl9r0N3dEGwW1AJr0qlaD9laN8Ek01COiWmpgHO6nrPvvR/RUL2bMQZrSZ8hV+Rm5qJlf9SCYrIbRno0VZ2/iwqMzoUaE+n5iK/GjDa9fYnwklCe5zSv1wUAmA3gXc09Q/Q/kLwGvs/2WVXV57yaeHnMIV3yKCE4KOo/31fTw== azureuser",
                "username": "azureuser"
              }
            ],
            "admin_username": "azureuser",
            "allow_extension_operations": true,
            "availability_set_id": "",
            "boot_diagnostics": [],
            "bypass_platform_safety_checks_on_user_schedule_enabled": false,
            "capacity_reservation_group_id": "",
            "computer_name": "hub-jumpbox-vm",
            "custom_data": null,
            "dedicated_host_group_id": "",
            "dedicated_host_id": "",
            "disable_password_authentication": true,
            "disk_controller_type": "",
            "edge_zone": "",
            "encryption_at_host_enabled": false,
            "eviction_policy": "Deallocate",
            "extensions_time_budget": "PT1H30M",
            "gallery_application": [],
            "id": "/subscriptions/e55fd568-f62a-47d7-8fc5-1c3b6818f869/resourceGroups/rg_hub/providers/Microsoft.Compute/virtualMachines/hub-jumpbox-vm",
            "identity": [],
            "license_type": "",
            "location": "westeurope",
            "max_bid_price": -1,
            "name": "hub-jumpbox-vm",
            "network_interface_ids": [
              "/subscriptions/e55fd568-f62a-47d7-8fc5-1c3b6818f869/resourceGroups/rg_hub/providers/Microsoft.Network/networkInterfaces/hub-jumpbox-nic"
            ],
            "os_disk": [
              {
                "caching": "ReadWrite",
                "diff_disk_settings": [],
                "disk_encryption_set_id": "",
                "disk_size_gb": 30,
                "name": "hub-jumpbox-vm_OsDisk_1_ced03ba09ff146ea88431497593caae4",
                "secure_vm_disk_encryption_set_id": "",
                "security_encryption_type": "",
                "storage_account_type": "Standard_LRS",
                "write_accelerator_enabled": false
              }
            ],
            "os_image_notification": [],
            "patch_assessment_mode": "ImageDefault",
            "patch_mode": "ImageDefault",
            "plan": [],
            "platform_fault_domain": -1,
            "priority": "Spot",
            "private_ip_address": "10.0.3.4",
            "private_ip_addresses": [
              "10.0.3.4"
            ],
            "provision_vm_agent": true,
            "proximity_placement_group_id": "",
            "public_ip_address": "",
            "public_ip_addresses": [],
            "reboot_setting": "",
            "resource_group_name": "rg_hub",
            "secret": [],
            "secure_boot_enabled": false,
            "size": "Standard_D2ls_v5",
            "source_image_id": "",
            "source_image_reference": [
              {
                "offer": "0001-com-ubuntu-server-jammy",
                "publisher": "Canonical",
                "sku": "22_04-lts",
                "version": "latest"
              }
            ],
            "tags": null,
            "termination_notification": null,
            "timeouts": null,
            "user_data": "",
            "virtual_machine_id": "88830d74-46ae-45e7-b4e3-0c8fbd2d61ec",
            "virtual_machine_scale_set_id": "",
            "vm_agent_platform_updates_enabled": false,
            "vtpm_enabled": false,
            "zone": ""
          },
          "sensitive_attributes": [
            [
              {
                "type": "get_attr",
                "value": "admin_password"
              }
            ],
            [
              {
                "type": "get_attr",
                "value": "custom_data"
              }
            ]
          ],
          "private": "eyJlMmJmYjczMC1lY2FhLTExZTYtOGY4OC0zNDM2M2JjN2M0YzAiOnsiY3JlYXRlIjoyNzAwMDAwMDAwMDAwLCJkZWxldGUiOjI3MDAwMDAwMDAwMDAsInJlYWQiOjMwMDAwMDAwMDAwMCwidXBkYXRlIjoyNzAwMDAwMDAwMDAwfX0=",
          "dependencies": [
            "module.hub.azurerm_network_interface.jumpbox",
            "module.hub.azurerm_resource_group.hub",
            "module.hub.azurerm_subnet.jumpbox",
            "module.hub.azurerm_virtual_network.hub"
          ]
        }
      ]
    },
    {
      "module": "module.hub",
      "mode": "managed",
      "type": "azurerm_network_interface",
      "name": "jumpbox",
      "provider": "provider[\"registry.terraform.io/hashicorp/azurerm\"]",
      "instances": [
        {
          "schema_version": 0,
          "attributes": {
            "accelerated_networking_enabled": false,
            "applied_dns_servers": [],
            "auxiliary_mode": "",
            "auxiliary_sku": "",
            "dns_servers": [],
            "edge_zone": "",
            "enable_accelerated_networking": false,
            "enable_ip_forwarding": false,
            "id": "/subscriptions/e55fd568-f62a-47d7-8fc5-1c3b6818f869/resourceGroups/rg_hub/providers/Microsoft.Network/networkInterfaces/hub-jumpbox-nic",
            "internal_dns_name_label": "",
            "internal_domain_name_suffix": "ai5j1edyqfdurgw4ydydzwakdd.ax.internal.cloudapp.net",
            "ip_configuration": [
              {
                "gateway_load_balancer_frontend_ip_configuration_id": "",
                "name": "internal",
                "primary": true,
                "private_ip_address": "10.0.3.4",
                "private_ip_address_allocation": "Dynamic",
                "private_ip_address_version": "IPv4",
                "public_ip_address_id": "",
                "subnet_id": "/subscriptions/e55fd568-f62a-47d7-8fc5-1c3b6818f869/resourceGroups/rg_hub/providers/Microsoft.Network/virtualNetworks/hub-vnet/subnets/jumpbox_subnet"
              }
            ],
            "ip_forwarding_enabled": false,
            "location": "westeurope",
            "mac_address": "",
            "name": "hub-jumpbox-nic",
            "private_ip_address": "10.0.3.4",
            "private_ip_addresses": [
              "10.0.3.4"
            ],
            "resource_group_name": "rg_hub",
            "tags": null,
            "timeouts": null,
            "virtual_machine_id": ""
          },
          "sensitive_attributes": [],
          "private": "eyJlMmJmYjczMC1lY2FhLTExZTYtOGY4OC0zNDM2M2JjN2M0YzAiOnsiY3JlYXRlIjoxODAwMDAwMDAwMDAwLCJkZWxldGUiOjE4MDAwMDAwMDAwMDAsInJlYWQiOjMwMDAwMDAwMDAwMCwidXBkYXRlIjoxODAwMDAwMDAwMDAwfX0=",
          "dependencies": [
            "module.hub.azurerm_resource_group.hub",
            "module.hub.azurerm_subnet.jumpbox",
            "module.hub.azurerm_virtual_network.hub"
          ]
        }
      ]
    },
    {
      "module": "module.hub",
      "mode": "managed",
      "type": "azurerm_public_ip",
      "name": "fw_ip",
      "provider": "provider[\"registry.terraform.io/hashicorp/azurerm\"]",
      "instances": [
        {
          "schema_version": 0,
          "attributes": {
            "allocation_method": "Static",
            "ddos_protection_mode": "VirtualNetworkInherited",
            "ddos_protection_plan_id": null,
            "domain_name_label": null,
            "edge_zone": "",
            "fqdn": null,
            "id": "/subscriptions/e55fd568-f62a-47d7-8fc5-1c3b6818f869/resourceGroups/rg_hub/providers/Microsoft.Network/publicIPAddresses/hub-fw-pip",
            "idle_timeout_in_minutes": 4,
            "ip_address": "20.105.150.188",
            "ip_tags": null,
            "ip_version": "IPv4",
            "location": "westeurope",
            "name": "hub-fw-pip",
            "public_ip_prefix_id": null,
            "resource_group_name": "rg_hub",
            "reverse_fqdn": null,
            "sku": "Standard",
            "sku_tier": "Regional",
            "tags": null,
            "timeouts": null,
            "zones": null
          },
          "sensitive_attributes": [],
          "private": "eyJlMmJmYjczMC1lY2FhLTExZTYtOGY4OC0zNDM2M2JjN2M0YzAiOnsiY3JlYXRlIjoxODAwMDAwMDAwMDAwLCJkZWxldGUiOjE4MDAwMDAwMDAwMDAsInJlYWQiOjMwMDAwMDAwMDAwMCwidXBkYXRlIjoxODAwMDAwMDAwMDAwfX0=",
          "dependencies": [
            "module.hub.azurerm_resource_group.hub"
          ]
        }
      ]
    },
    {
      "module": "module.hub",
      "mode": "managed",
      "type": "azurerm_public_ip",
      "name": "fw_mgmt_ip",
      "provider": "provider[\"registry.terraform.io/hashicorp/azurerm\"]",
      "instances": [
        {
          "schema_version": 0,
          "attributes": {
            "allocation_method": "Static",
            "ddos_protection_mode": "VirtualNetworkInherited",
            "ddos_protection_plan_id": null,
            "domain_name_label": null,
            "edge_zone": "",
            "fqdn": null,
            "id": "/subscriptions/e55fd568-f62a-47d7-8fc5-1c3b6818f869/resourceGroups/rg_hub/providers/Microsoft.Network/publicIPAddresses/hub-fw-mgmt-pip",
            "idle_timeout_in_minutes": 4,
            "ip_address": "52.233.242.17",
            "ip_tags": null,
            "ip_version": "IPv4",
            "location": "westeurope",
            "name": "hub-fw-mgmt-pip",
            "public_ip_prefix_id": null,
            "resource_group_name": "rg_hub",
            "reverse_fqdn": null,
            "sku": "Standard",
            "sku_tier": "Regional",
            "tags": null,
            "timeouts": null,
            "zones": null
          },
          "sensitive_attributes": [],
          "private": "eyJlMmJmYjczMC1lY2FhLTExZTYtOGY4OC0zNDM2M2JjN2M0YzAiOnsiY3JlYXRlIjoxODAwMDAwMDAwMDAwLCJkZWxldGUiOjE4MDAwMDAwMDAwMDAsInJlYWQiOjMwMDAwMDAwMDAwMCwidXBkYXRlIjoxODAwMDAwMDAwMDAwfX0=",
          "dependencies": [
            "module.hub.azurerm_resource_group.hub"
          ]
        }
      ]
    },
    {
      "module": "module.hub",
      "mode": "managed",
      "type": "azurerm_resource_group",
      "name": "hub",
      "provider": "provider[\"registry.terraform.io/hashicorp/azurerm\"]",
      "instances": [
        {
          "schema_version": 0,
          "attributes": {
            "id": "/subscriptions/e55fd568-f62a-47d7-8fc5-1c3b6818f869/resourceGroups/rg_hub",
            "location": "westeurope",
            "managed_by": "",
            "name": "rg_hub",
            "tags": null,
            "timeouts": null
          },
          "sensitive_attributes": [],
          "private": "eyJlMmJmYjczMC1lY2FhLTExZTYtOGY4OC0zNDM2M2JjN2M0YzAiOnsiY3JlYXRlIjo1NDAwMDAwMDAwMDAwLCJkZWxldGUiOjU0MDAwMDAwMDAwMDAsInJlYWQiOjMwMDAwMDAwMDAwMCwidXBkYXRlIjo1NDAwMDAwMDAwMDAwfX0="
        }
      ]
    },
    {
      "module": "module.hub",
      "mode": "managed",
      "type": "azurerm_subnet",
      "name": "azure_firewall",
      "provider": "provider[\"registry.terraform.io/hashicorp/azurerm\"]",
      "instances": [
        {
          "schema_version": 0,
          "attributes": {
            "address_prefixes": [
              "10.0.0.0/26"
            ],
            "default_outbound_access_enabled": true,
            "delegation": [],
            "enforce_private_link_endpoint_network_policies": false,
            "enforce_private_link_service_network_policies": false,
            "id": "/subscriptions/e55fd568-f62a-47d7-8fc5-1c3b6818f869/resourceGroups/rg_hub/providers/Microsoft.Network/virtualNetworks/hub-vnet/subnets/AzureFirewallSubnet",
            "name": "AzureFirewallSubnet",
            "private_endpoint_network_policies": "Enabled",
            "private_endpoint_network_policies_enabled": true,
            "private_link_service_network_policies_enabled": true,
            "resource_group_name": "rg_hub",
            "service_endpoint_policy_ids": null,
            "service_endpoints": null,
            "timeouts": null,
            "virtual_network_name": "hub-vnet"
          },
          "sensitive_attributes": [],
          "private": "eyJlMmJmYjczMC1lY2FhLTExZTYtOGY4OC0zNDM2M2JjN2M0YzAiOnsiY3JlYXRlIjoxODAwMDAwMDAwMDAwLCJkZWxldGUiOjE4MDAwMDAwMDAwMDAsInJlYWQiOjMwMDAwMDAwMDAwMCwidXBkYXRlIjoxODAwMDAwMDAwMDAwfX0=",
          "dependencies": [
            "module.hub.azurerm_resource_group.hub",
            "module.hub.azurerm_virtual_network.hub"
          ]
        }
      ]
    },
    {
      "module": "module.hub",
      "mode": "managed",
      "type": "azurerm_subnet",
      "name": "azure_firewall_mgmt",
      "provider": "provider[\"registry.terraform.io/hashicorp/azurerm\"]",
      "instances": [
        {
          "schema_version": 0,
          "attributes": {
            "address_prefixes": [
              "10.0.2.0/24"
            ],
            "default_outbound_access_enabled": true,
            "delegation": [],
            "enforce_private_link_endpoint_network_policies": false,
            "enforce_private_link_service_network_policies": false,
            "id": "/subscriptions/e55fd568-f62a-47d7-8fc5-1c3b6818f869/resourceGroups/rg_hub/providers/Microsoft.Network/virtualNetworks/hub-vnet/subnets/AzureFirewallManagementSubnet",
            "name": "AzureFirewallManagementSubnet",
            "private_endpoint_network_policies": "Enabled",
            "private_endpoint_network_policies_enabled": true,
            "private_link_service_network_policies_enabled": true,
            "resource_group_name": "rg_hub",
            "service_endpoint_policy_ids": null,
            "service_endpoints": null,
            "timeouts": null,
            "virtual_network_name": "hub-vnet"
          },
          "sensitive_attributes": [],
          "private": "eyJlMmJmYjczMC1lY2FhLTExZTYtOGY4OC0zNDM2M2JjN2M0YzAiOnsiY3JlYXRlIjoxODAwMDAwMDAwMDAwLCJkZWxldGUiOjE4MDAwMDAwMDAwMDAsInJlYWQiOjMwMDAwMDAwMDAwMCwidXBkYXRlIjoxODAwMDAwMDAwMDAwfX0=",
          "dependencies": [
            "module.hub.azurerm_resource_group.hub",
            "module.hub.azurerm_virtual_network.hub"
          ]
        }
      ]
    },
    {
      "module": "module.hub",
      "mode": "managed",
      "type": "azurerm_subnet",
      "name": "jumpbox",
      "provider": "provider[\"registry.terraform.io/hashicorp/azurerm\"]",
      "instances": [
        {
          "schema_version": 0,
          "attributes": {
            "address_prefixes": [
              "10.0.3.0/24"
            ],
            "default_outbound_access_enabled": true,
            "delegation": [],
            "enforce_private_link_endpoint_network_policies": false,
            "enforce_private_link_service_network_policies": false,
            "id": "/subscriptions/e55fd568-f62a-47d7-8fc5-1c3b6818f869/resourceGroups/rg_hub/providers/Microsoft.Network/virtualNetworks/hub-vnet/subnets/jumpbox_subnet",
            "name": "jumpbox_subnet",
            "private_endpoint_network_policies": "Enabled",
            "private_endpoint_network_policies_enabled": true,
            "private_link_service_network_policies_enabled": true,
            "resource_group_name": "rg_hub",
            "service_endpoint_policy_ids": null,
            "service_endpoints": null,
            "timeouts": null,
            "virtual_network_name": "hub-vnet"
          },
          "sensitive_attributes": [],
          "private": "eyJlMmJmYjczMC1lY2FhLTExZTYtOGY4OC0zNDM2M2JjN2M0YzAiOnsiY3JlYXRlIjoxODAwMDAwMDAwMDAwLCJkZWxldGUiOjE4MDAwMDAwMDAwMDAsInJlYWQiOjMwMDAwMDAwMDAwMCwidXBkYXRlIjoxODAwMDAwMDAwMDAwfX0=",
          "dependencies": [
            "module.hub.azurerm_resource_group.hub",
            "module.hub.azurerm_virtual_network.hub"
          ]
        }
      ]
    },
    {
      "module": "module.hub",
      "mode": "managed",
      "type": "azurerm_virtual_network",
      "name": "hub",
      "provider": "provider[\"registry.terraform.io/hashicorp/azurerm\"]",
      "instances": [
        {
          "schema_version": 0,
          "attributes": {
            "address_space": [
              "10.0.0.0/16"
            ],
            "bgp_community": "",
            "ddos_protection_plan": [],
            "dns_servers": [],
            "edge_zone": "",
            "encryption": [],
            "flow_timeout_in_minutes": 0,
            "guid": "909d3e02-8178-4847-9ade-c0f03cd80a1b",
            "id": "/subscriptions/e55fd568-f62a-47d7-8fc5-1c3b6818f869/resourceGroups/rg_hub/providers/Microsoft.Network/virtualNetworks/hub-vnet",
            "location": "westeurope",
            "name": "hub-vnet",
            "resource_group_name": "rg_hub",
            "subnet": [],
            "tags": null,
            "timeouts": null
          },
          "sensitive_attributes": [],
          "private": "eyJlMmJmYjczMC1lY2FhLTExZTYtOGY4OC0zNDM2M2JjN2M0YzAiOnsiY3JlYXRlIjoxODAwMDAwMDAwMDAwLCJkZWxldGUiOjE4MDAwMDAwMDAwMDAsInJlYWQiOjMwMDAwMDAwMDAwMCwidXBkYXRlIjoxODAwMDAwMDAwMDAwfX0=",
          "dependencies": [
            "module.hub.azurerm_resource_group.hub"
          ]
        }
      ]
    },
    {
      "module": "module.spoke",
      "mode": "managed",
      "type": "azurerm_resource_group",
      "name": "spoke",
      "provider": "provider[\"registry.terraform.io/hashicorp/azurerm\"]",
      "instances": [
        {
          "schema_version": 0,
          "attributes": {
            "id": "/subscriptions/e55fd568-f62a-47d7-8fc5-1c3b6818f869/resourceGroups/rg-spoke",
            "location": "westeurope",
            "managed_by": "",
            "name": "rg-spoke",
            "tags": null,
            "timeouts": null
          },
          "sensitive_attributes": [],
          "private": "eyJlMmJmYjczMC1lY2FhLTExZTYtOGY4OC0zNDM2M2JjN2M0YzAiOnsiY3JlYXRlIjo1NDAwMDAwMDAwMDAwLCJkZWxldGUiOjU0MDAwMDAwMDAwMDAsInJlYWQiOjMwMDAwMDAwMDAwMCwidXBkYXRlIjo1NDAwMDAwMDAwMDAwfX0="
        }
      ]
    },
    {
      "module": "module.spoke",
      "mode": "managed",
      "type": "azurerm_subnet",
      "name": "spoke",
      "provider": "provider[\"registry.terraform.io/hashicorp/azurerm\"]",
      "instances": [
        {
          "schema_version": 0,
          "attributes": {
            "address_prefixes": [
              "10.1.0.0/24"
            ],
            "default_outbound_access_enabled": true,
            "delegation": [],
            "enforce_private_link_endpoint_network_policies": false,
            "enforce_private_link_service_network_policies": false,
            "id": "/subscriptions/e55fd568-f62a-47d7-8fc5-1c3b6818f869/resourceGroups/rg-spoke/providers/Microsoft.Network/virtualNetworks/spoke1-vnet/subnets/spoke1-subnet",
            "name": "spoke1-subnet",
            "private_endpoint_network_policies": "Enabled",
            "private_endpoint_network_policies_enabled": true,
            "private_link_service_network_policies_enabled": true,
            "resource_group_name": "rg-spoke",
            "service_endpoint_policy_ids": null,
            "service_endpoints": null,
            "timeouts": null,
            "virtual_network_name": "spoke1-vnet"
          },
          "sensitive_attributes": [],
          "private": "eyJlMmJmYjczMC1lY2FhLTExZTYtOGY4OC0zNDM2M2JjN2M0YzAiOnsiY3JlYXRlIjoxODAwMDAwMDAwMDAwLCJkZWxldGUiOjE4MDAwMDAwMDAwMDAsInJlYWQiOjMwMDAwMDAwMDAwMCwidXBkYXRlIjoxODAwMDAwMDAwMDAwfX0=",
          "dependencies": [
            "module.spoke.azurerm_resource_group.spoke",
            "module.spoke.azurerm_virtual_network.spoke"
          ]
        }
      ]
    },
    {
      "module": "module.spoke",
      "mode": "managed",
      "type": "azurerm_virtual_network",
      "name": "spoke",
      "provider": "provider[\"registry.terraform.io/hashicorp/azurerm\"]",
      "instances": [
        {
          "schema_version": 0,
          "attributes": {
            "address_space": [
              "10.1.0.0/16"
            ],
            "bgp_community": "",
            "ddos_protection_plan": [],
            "dns_servers": [],
            "edge_zone": "",
            "encryption": [],
            "flow_timeout_in_minutes": 0,
            "guid": "eaa20bfb-b462-4c88-9752-c2f86816ff57",
            "id": "/subscriptions/e55fd568-f62a-47d7-8fc5-1c3b6818f869/resourceGroups/rg-spoke/providers/Microsoft.Network/virtualNetworks/spoke1-vnet",
            "location": "westeurope",
            "name": "spoke1-vnet",
            "resource_group_name": "rg-spoke",
            "subnet": [],
            "tags": null,
            "timeouts": null
          },
          "sensitive_attributes": [],
          "private": "eyJlMmJmYjczMC1lY2FhLTExZTYtOGY4OC0zNDM2M2JjN2M0YzAiOnsiY3JlYXRlIjoxODAwMDAwMDAwMDAwLCJkZWxldGUiOjE4MDAwMDAwMDAwMDAsInJlYWQiOjMwMDAwMDAwMDAwMCwidXBkYXRlIjoxODAwMDAwMDAwMDAwfX0=",
          "dependencies": [
            "module.spoke.azurerm_resource_group.spoke"
          ]
        }
      ]
    },
    {
      "module": "module.spoke",
      "mode": "managed",
      "type": "azurerm_virtual_network_peering",
      "name": "spoke_to_hub",
      "provider": "provider[\"registry.terraform.io/hashicorp/azurerm\"]",
      "instances": [
        {
          "schema_version": 0,
          "attributes": {
            "allow_forwarded_traffic": true,
            "allow_gateway_transit": true,
            "allow_virtual_network_access": true,
            "id": "/subscriptions/e55fd568-f62a-47d7-8fc5-1c3b6818f869/resourceGroups/rg-spoke/providers/Microsoft.Network/virtualNetworks/spoke1-vnet/virtualNetworkPeerings/spoke1-to-hub-vnet",
            "local_subnet_names": null,
            "name": "spoke1-to-hub-vnet",
            "only_ipv6_peering_enabled": false,
            "peer_complete_virtual_networks_enabled": true,
            "remote_subnet_names": null,
            "remote_virtual_network_id": "/subscriptions/e55fd568-f62a-47d7-8fc5-1c3b6818f869/resourceGroups/rg_hub/providers/Microsoft.Network/virtualNetworks/hub-vnet",
            "resource_group_name": "rg-spoke",
            "timeouts": null,
            "triggers": null,
            "use_remote_gateways": false,
            "virtual_network_name": "spoke1-vnet"
          },
          "sensitive_attributes": [],
          "private": "eyJlMmJmYjczMC1lY2FhLTExZTYtOGY4OC0zNDM2M2JjN2M0YzAiOnsiY3JlYXRlIjoxODAwMDAwMDAwMDAwLCJkZWxldGUiOjE4MDAwMDAwMDAwMDAsInJlYWQiOjMwMDAwMDAwMDAwMCwidXBkYXRlIjoxODAwMDAwMDAwMDAwfX0=",
          "dependencies": [
            "module.hub.azurerm_resource_group.hub",
            "module.hub.azurerm_virtual_network.hub",
            "module.spoke.azurerm_resource_group.spoke",
            "module.spoke.azurerm_virtual_network.spoke"
          ]
        }
      ]
    },
    {
      "module": "module.spoke2",
      "mode": "managed",
      "type": "azurerm_resource_group",
      "name": "spoke",
      "provider": "provider[\"registry.terraform.io/hashicorp/azurerm\"]",
      "instances": [
        {
          "schema_version": 0,
          "attributes": {
            "id": "/subscriptions/e55fd568-f62a-47d7-8fc5-1c3b6818f869/resourceGroups/rg-spoke",
            "location": "westeurope",
            "managed_by": "",
            "name": "rg-spoke",
            "tags": null,
            "timeouts": null
          },
          "sensitive_attributes": [],
          "private": "eyJlMmJmYjczMC1lY2FhLTExZTYtOGY4OC0zNDM2M2JjN2M0YzAiOnsiY3JlYXRlIjo1NDAwMDAwMDAwMDAwLCJkZWxldGUiOjU0MDAwMDAwMDAwMDAsInJlYWQiOjMwMDAwMDAwMDAwMCwidXBkYXRlIjo1NDAwMDAwMDAwMDAwfX0="
        }
      ]
    },
    {
      "module": "module.spoke2",
      "mode": "managed",
      "type": "azurerm_subnet",
      "name": "spoke",
      "provider": "provider[\"registry.terraform.io/hashicorp/azurerm\"]",
      "instances": [
        {
          "schema_version": 0,
          "attributes": {
            "address_prefixes": [
              "10.1.0.0/24"
            ],
            "default_outbound_access_enabled": true,
            "delegation": [],
            "enforce_private_link_endpoint_network_policies": false,
            "enforce_private_link_service_network_policies": false,
            "id": "/subscriptions/e55fd568-f62a-47d7-8fc5-1c3b6818f869/resourceGroups/rg-spoke/providers/Microsoft.Network/virtualNetworks/spoke1-vnet/subnets/spoke1-subnet",
            "name": "spoke1-subnet",
            "private_endpoint_network_policies": "Enabled",
            "private_endpoint_network_policies_enabled": true,
            "private_link_service_network_policies_enabled": true,
            "resource_group_name": "rg-spoke",
            "service_endpoint_policy_ids": null,
            "service_endpoints": null,
            "timeouts": null,
            "virtual_network_name": "spoke1-vnet"
          },
          "sensitive_attributes": [],
          "private": "eyJlMmJmYjczMC1lY2FhLTExZTYtOGY4OC0zNDM2M2JjN2M0YzAiOnsiY3JlYXRlIjoxODAwMDAwMDAwMDAwLCJkZWxldGUiOjE4MDAwMDAwMDAwMDAsInJlYWQiOjMwMDAwMDAwMDAwMCwidXBkYXRlIjoxODAwMDAwMDAwMDAwfX0=",
          "dependencies": [
            "module.spoke2.azurerm_resource_group.spoke",
            "module.spoke2.azurerm_virtual_network.spoke"
          ]
        }
      ]
    },
    {
      "module": "module.spoke2",
      "mode": "managed",
      "type": "azurerm_virtual_network",
      "name": "spoke",
      "provider": "provider[\"registry.terraform.io/hashicorp/azurerm\"]",
      "instances": [
        {
          "schema_version": 0,
          "attributes": {
            "address_space": [
              "10.1.0.0/16"
            ],
            "bgp_community": "",
            "ddos_protection_plan": [],
            "dns_servers": [],
            "edge_zone": "",
            "encryption": [],
            "flow_timeout_in_minutes": 0,
            "guid": "eaa20bfb-b462-4c88-9752-c2f86816ff57",
            "id": "/subscriptions/e55fd568-f62a-47d7-8fc5-1c3b6818f869/resourceGroups/rg-spoke/providers/Microsoft.Network/virtualNetworks/spoke1-vnet",
            "location": "westeurope",
            "name": "spoke1-vnet",
            "resource_group_name": "rg-spoke",
            "subnet": [],
            "tags": null,
            "timeouts": null
          },
          "sensitive_attributes": [],
          "private": "eyJlMmJmYjczMC1lY2FhLTExZTYtOGY4OC0zNDM2M2JjN2M0YzAiOnsiY3JlYXRlIjoxODAwMDAwMDAwMDAwLCJkZWxldGUiOjE4MDAwMDAwMDAwMDAsInJlYWQiOjMwMDAwMDAwMDAwMCwidXBkYXRlIjoxODAwMDAwMDAwMDAwfX0=",
          "dependencies": [
            "module.spoke2.azurerm_resource_group.spoke"
          ]
        }
      ]
    },
    {
      "module": "module.spoke2",
      "mode": "managed",
      "type": "azurerm_virtual_network_peering",
      "name": "spoke_to_hub",
      "provider": "provider[\"registry.terraform.io/hashicorp/azurerm\"]",
      "instances": [
        {
          "schema_version": 0,
          "attributes": {
            "allow_forwarded_traffic": true,
            "allow_gateway_transit": true,
            "allow_virtual_network_access": true,
            "id": "/subscriptions/e55fd568-f62a-47d7-8fc5-1c3b6818f869/resourceGroups/rg-spoke/providers/Microsoft.Network/virtualNetworks/spoke1-vnet/virtualNetworkPeerings/spoke1-to-hub-vnet",
            "local_subnet_names": null,
            "name": "spoke1-to-hub-vnet",
            "only_ipv6_peering_enabled": false,
            "peer_complete_virtual_networks_enabled": true,
            "remote_subnet_names": null,
            "remote_virtual_network_id": "/subscriptions/e55fd568-f62a-47d7-8fc5-1c3b6818f869/resourceGroups/rg_hub/providers/Microsoft.Network/virtualNetworks/hub-vnet",
            "resource_group_name": "rg-spoke",
            "timeouts": null,
            "triggers": null,
            "use_remote_gateways": false,
            "virtual_network_name": "spoke1-vnet"
          },
          "sensitive_attributes": [],
          "private": "eyJlMmJmYjczMC1lY2FhLTExZTYtOGY4OC0zNDM2M2JjN2M0YzAiOnsiY3JlYXRlIjoxODAwMDAwMDAwMDAwLCJkZWxldGUiOjE4MDAwMDAwMDAwMDAsInJlYWQiOjMwMDAwMDAwMDAwMCwidXBkYXRlIjoxODAwMDAwMDAwMDAwfX0=",
          "dependencies": [
            "module.hub.azurerm_resource_group.hub",
            "module.hub.azurerm_virtual_network.hub",
            "module.spoke2.azurerm_resource_group.spoke",
            "module.spoke2.azurerm_virtual_network.spoke"
          ]
        }
      ]
    }
  ],
  "check_results": null
}
